
Microsoft Visual Studio Solution File, Format Version 12.00
# Visual Studio Version 16
VisualStudioVersion = 16.0.29613.14
MinimumVisualStudioVersion = 10.0.40219.1
Project("{9A19103F-16F7-4668-BE54-9A1E7A4F7556}") = "CoreMVC_Ajax", "CoreMVC_Ajax\CoreMVC_Ajax.csproj", "{050DFD44-C5DA-42FF-B0F1-E6B20D24F0C0}"
EndProject
Project("{FAE04EC0-301F-11D3-BF4B-00C04F79EFBC}") = "BookSaleApp_Ajax", "BookSaleApp_Ajax\BookSaleApp_Ajax.csproj", "{392E2D0B-A0FA-4034-8F20-2B7DFB44D40A}"
EndProject
Global
	GlobalSection(SolutionConfigurationPlatforms) = preSolution
		Debug|Any CPU = Debug|Any CPU
		Release|Any CPU = Release|Any CPU
	EndGlobalSection
	GlobalSection(ProjectConfigurationPlatforms) = postSolution
		{050DFD44-C5DA-42FF-B0F1-E6B20D24F0C0}.Debug|Any CPU.ActiveCfg = Debug|Any CPU
		{050DFD44-C5DA-42FF-B0F1-E6B20D24F0C0}.Debug|Any CPU.Build.0 = Debug|Any CPU
		{050DFD44-C5DA-42FF-B0F1-E6B20D24F0C0}.Release|Any CPU.ActiveCfg = Release|Any CPU
		{050DFD44-C5DA-42FF-B0F1-E6B20D24F0C0}.Release|Any CPU.Build.0 = Release|Any CPU
		{392E2D0B-A0FA-4034-8F20-2B7DFB44D40A}.Debug|Any CPU.ActiveCfg = Debug|Any CPU
		{392E2D0B-A0FA-4034-8F20-2B7DFB44D40A}.Debug|Any CPU.Build.0 = Debug|Any CPU
		{392E2D0B-A0FA-4034-8F20-2B7DFB44D40A}.Release|Any CPU.ActiveCfg = Release|Any CPU
		{392E2D0B-A0FA-4034-8F20-2B7DFB44D40A}.Release|Any CPU.Build.0 = Release|Any CPU
	EndGlobalSection
	GlobalSection(SolutionProperties) = preSolution
		HideSolutionNode = FALSE
	EndGlobalSection
	GlobalSection(ExtensibilityGlobals) = postSolution
		SolutionGuid = {4EF105C0-3986-4052-A153-C46D639B8958}
	EndGlobalSection
EndGlobal
